lockfileVersion: '9.0'

settings:
  autoInstallPeers: true
  excludeLinksFromLockfile: false

importers:

  .:
    dependencies:
      '@aws-sdk/client-dynamodb':
        specifier: ^3.1105.0
        version: 3.1105.0
      '@aws-sdk/client-s3':
        specifier: ^3.1087.0
        version: 3.1104.0
      '@aws-sdk/lib-dynamodb':
        specifier: ^3.1105.0
        version: 3.1105.0(@aws-sdk/client-dynamodb@3.1105.0)
      '@aws-sdk/s3-request-presigner':
        specifier: ^3.1087.0
        version: 3.1104.0
      '@types/aws-lambda':
        specifier: ^8.10.162
        version: 8.10.162
      '@types/node':
        specifier: ^26.1.1
        version: 26.1.2
      zod:
        specifier: ^4.4.3
        version: 4.4.3

packages:

  '@aws-sdk/checksums@3.1000.26':
    resolution: {integrity: sha512-CGznePoL+1oWCSzqmkvlYMpWQEZohPR3LntjKXXfVH+oh6Kd8d+yHLkjpiAGwPIHAxFe4OAq3aKfRnv/wqWIyA==}
    engines: {node: '>=20.0.0'}

  '@aws-sdk/client-dynamodb@3.1105.0':
    resolution: {integrity: sha512-CNtPFuLR3wn1U7cH1svRuouWl2VO+uP/LOUpNlhJe4rkPSBr8Y6eMmsWPwkIGAsASAN7ChyJ7ZJHtJ+aLZl9Hw==}
    engines: {node: '>=20.0.0'}

  '@aws-sdk/client-s3@3.1104.0':
    resolution: {integrity: sha512-YCAVqUokR7KwpU8EZaciZhM7M3f2SirT8NJ/BgAy5qfycIuqRTXGXVbeJEdMg+Zk8BZscOHaiDoED2s/4SO8mA==}
    engines: {node: '>=20.0.0'}

  '@aws-sdk/core@3.977.6':
    resolution: {integrity: sha512-QiaJV4/zDrB4ZY2mfeSXSzSTc36W16sZXcGz+SPFk0CJ26gziO0cS+4LjJUMAbdeeBOvS0k0Aq1cZpfGdUXxSw==}
    engines: {node: '>=20.0.0'}

  '@aws-sdk/credential-provider-env@3.972.67':
    resolution: {integrity: sha512-rcIpk5kxUqDaaNa6Xk23pQ6ViY7jlqzmfFWCahQcBT97ddXaXYYwzCen9Tz1Jvo6aJft6wDl5bN44/Jw5B4oLA==}
    engines: {node: '>=20.0.0'}

  '@aws-sdk/credential-provider-http@3.972.69':
    resolution: {integrity: sha512-nggwJtZ4eeNsUw5IeWBMXsi1ryct5idi0K+/SCRF3kybLubOMaNTb3XCihXpWMiVpyzyPeIrl0zTkzhBH9porA==}
    engines: {node: '>=20.0.0'}

  '@aws-sdk/credential-provider-ini@3.973.12':
    resolution: {integrity: sha512-pNEf/OeyN5X3VmLKlgSO6TqaWmW10CvI3TfwL1XhsuhYjSLT2VDaxFnCPHnOeQXSaFisMX4jNhpETriqN8DOmg==}
    engines: {node: '>=20.0.0'}

  '@aws-sdk/credential-provider-login@3.972.74':
    resolution: {integrity: sha512-0AQfDcf99TNmqVKv0owHrw/TQs6i4ZE5t9qmz6NvO53bE/sA/tpXhXL9AAcEP1qHc6Zzjd1UMb69+/9zdhvY3g==}
    engines: {node: '>=20.0.0'}

  '@aws-sdk/credential-provider-node@3.972.78':
    resolution: {integrity: sha512-OgPAnfvbGAMWac6yvxJ1ihslrvDpPVwR68D2csospdNCCyPvHk9JLzYKwz48SNiS1T2znDwHauywRKRFfpyYng==}
    engines: {node: '>=20.0.0'}

  '@aws-sdk/credential-provider-process@3.972.67':
    resolution: {integrity: sha512-IlUEejorGTWKb4/Dm7K5Yw4QxUmXLThLhrvBmzVBqZFTbW72cv9LTcITmo1dsnYriALE4h68mOq4LB99x6sQ7Q==}
    engines: {node: '>=20.0.0'}

  '@aws-sdk/credential-provider-sso@3.973.11':
    resolution: {integrity: sha512-gAQBkBZxUB84d71+pPcI9L+jh2ujhuAVxc/4FgGiWFDjkPBlMKxzd5XDtkSXTFX8Ro7ansnT88+XadasxMeCRw==}
    engines: {node: '>=20.0.0'}

  '@aws-sdk/credential-provider-web-identity@3.972.73':
    resolution: {integrity: sha512-SnlEmQa6SjOgs6iOPLUQl1Eyq4AKiAdPQlkOhFhqNfDtDCwibMGvL6QlkSmf3o6vAUSImzdPCxowT5dfQUZP1A==}
    engines: {node: '>=20.0.0'}

  '@aws-sdk/dynamodb-codec@3.973.41':
    resolution: {integrity: sha512-N4go/LzYFd6KJ+r7qqAjzmsw85PFN99RnDYZvw22FzU3VZgL5+umvncfu0M7hlzeIUKHSLL65HTJIXiLY7RJFg==}
    engines: {node: '>=20.0.0'}

  '@aws-sdk/endpoint-cache@3.972.9':
    resolution: {integrity: sha512-LFvdgq8SriaskUcjpBMDE7J2c9RmuT5v3gU36/znV71EU5DKUis4FmGFjCMelKCCViFeVrQADBAlIiOYRhEx6Q==}
    engines: {node: '>=20.0.0'}

  '@aws-sdk/lib-dynamodb@3.1105.0':
    resolution: {integrity: sha512-jddjWoLr4Ar5E9vXRh8IkkeH6qr5nYNzViIIFexNDbR0hBNlC07G569CBTQ0W6pn9MDM1pcjKlfh0e520xSqVQ==}
    engines: {node: '>=20.0.0'}
    peerDependencies:
      '@aws-sdk/client-dynamodb': ^3.1105.0

  '@aws-sdk/middleware-endpoint-discovery@3.972.27':
    resolution: {integrity: sha512-5AJlxrsg27IGGiQauWOdVyqK55EN0EMIwXndkVHhBiPT4CtdSaz89/sAENSw+GP4KF+BOWcgycZFNjkOLmfo1A==}
    engines: {node: '>=20.0.0'}

  '@aws-sdk/middleware-sdk-s3@3.972.72':
    resolution: {integrity: sha512-lSAoVPvQxX1d8TOM6waKDBQrvvZcm4w6pCldFAsRUffEaXq6lYY0pPyew3KlLu6Xqb74DXI42hGvSsbGBLljlw==}
    engines: {node: '>=20.0.0'}

  '@aws-sdk/nested-clients@3.997.41':
    resolution: {integrity: sha512-RDHqPGQWlF6tatA/Tp3rg6oIwtgN9IVderxE+9av2Y93Dfyu+mO1hZ5Bu2jpfZg2rwdNbsssnwM+sLafIczMlQ==}
    engines: {node: '>=20.0.0'}

  '@aws-sdk/s3-request-presigner@3.1104.0':
    resolution: {integrity: sha512-udKZWozVoQUmOxzSqraSm1bPOlAPziRjMFpeX3UosDCWzMsqQvpl1/YMpwSuGvQ28W+tyE0Kl3JDziKPY/Lutg==}
    engines: {node: '>=20.0.0'}

  '@aws-sdk/signature-v4-multi-region@3.996.43':
    resolution: {integrity: sha512-lKekx8bLBXSv4O+cslk9Zfnw2XKSkWBs3uWL5QGhH2ZAQfNS7FE0vcSSN2vD/AhxX54ZTywWxR4STThoeOXlBA==}
    engines: {node: '>=20.0.0'}

  '@aws-sdk/token-providers@3.1103.0':
    resolution: {integrity: sha512-N4wy26MNn31ItGVHYHPrEuCIFY4MBBjC+C5v1lJKqIUSA7OZBdhleCY53zCCrXn27hsk7YNOaTuhQu807S4AfQ==}
    engines: {node: '>=20.0.0'}

  '@aws-sdk/types@3.974.2':
    resolution: {integrity: sha512-3W6IUtSxFbH6X7Wb7DzGCV5QiFQsd0g8bOfntpmDxQlzBoKWUMBu/JPQR0DwkE+Hpnxd6db1tXbOwdeHddG6cA==}
    engines: {node: '>=20.0.0'}

  '@aws-sdk/util-dynamodb@3.996.7':
    resolution: {integrity: sha512-v+WJASG9yaW8qNM7pNSgH1PBYz5mVTf7gzKPi0NqGjLlaCtPdk6EjM1lmv03egA07iXUw6OToGYfW2w8D3kBrg==}
    engines: {node: '>=20.0.0'}
    peerDependencies:
      '@aws-sdk/client-dynamodb': ^3.1088.0

  '@aws-sdk/xml-builder@3.972.37':
    resolution: {integrity: sha512-zKq4HQum8JwDyEuyfuI4bbiAcU0KxP6qy+9PR/IsR92IyE/DaBAikzAS50tjxip4bqIIANpCcG+Yyj6CVhXupg==}
    engines: {node: '>=20.0.0'}

  '@aws/lambda-invoke-store@0.3.0':
    resolution: {integrity: sha512-sl4Bm6yiMNYrZKkqqDFWN0UfnWhlS8ivKxrYl+6t0gCLrqr8y3B2IqZZbFRkfaVVp7C/baApyh71P+LeE1A2sQ==}
    engines: {node: '>=18.0.0'}

  '@smithy/core@3.31.1':
    resolution: {integrity: sha512-CyogUINxvi7C7LDsh8Syo6hVJOT9ckz4rG8dRZfTJ8r91HkMY59PnNooaj7WcHyxEkxPfBAmbgztZU+xTo76lg==}
    engines: {node: '>=18.0.0'}

  '@smithy/credential-provider-imds@4.4.16':
    resolution: {integrity: sha512-QfuLWAkLzptffFW980AFeHZFdqds2B64rpEd3uJ6lgs3xVn9QegGMUgUcj+4d7dRrAsya3r58ZKpku97WcFb4w==}
    engines: {node: '>=18.0.0'}

  '@smithy/fetch-http-handler@5.6.13':
    resolution: {integrity: sha512-4fW86pEUOMbrD5nkbyl/tTvPHHWJFbuB2odl6ps9lWfHoXf9HWh3Q/Smh59qH1g7+c/BSZghX6bbUk4gsiMs8A==}
    engines: {node: '>=18.0.0'}

  '@smithy/node-http-handler@4.9.13':
    resolution: {integrity: sha512-Nmd/Nl35zfYrd+a6OO2cDJb3GPh9bgTjIUhcM+JFfjpp8/osCgboDV5nCT1I01Pv6R13eSKDKLSoVa5ZB6Zsfw==}
    engines: {node: '>=18.0.0'}

  '@smithy/signature-v4@5.6.12':
    resolution: {integrity: sha512-I6KLtq3H0qqSuV9vLglfi8puHqzygzWHOnI4z/Rdoo+q50vvo18vBRdPAvvEtcaKROz7Zn6qnPa14kRfPH6PcQ==}
    engines: {node: '>=18.0.0'}

  '@smithy/types@4.16.1':
    resolution: {integrity: sha512-0JFs3V2y2M9tKW5na/qxe69Zv+uxLMO7QBbhxF/FHu/Gp2NFZAAL9tWl9PU02xxo07pb3G9FTyjNc6D5uZrJIg==}
    engines: {node: '>=18.0.0'}

  '@types/aws-lambda@8.10.162':
    resolution: {integrity: sha512-Fn658grtLOci1oxi1391vvDWJRKNGWRSqfxRkmN/Iy3c0tQH1USMKEXcPYHLvope+ZgTFocx9FRQJx1muBL6qw==}

  '@types/node@26.1.2':
    resolution: {integrity: sha512-Vu4a5UFA9rIIFJ7rB/Vaafh9lrCQszopTCx6KjFboXTGQbPNasehVR5TEiithSDGyd1DEiUByggTZsg8jukeIg==}

  bowser@2.14.1:
    resolution: {integrity: sha512-tzPjzCxygAKWFOJP011oxFHs57HzIhOEracIgAePE4pqB3LikALKnSzUyU4MGs9/iCEUuHlAJTjTc5M+u7YEGg==}

  mnemonist@0.38.3:
    resolution: {integrity: sha512-2K9QYubXx/NAjv4VLq1d1Ly8pWNC5L3BrixtdkyTegXWJIqY+zLNDhhX/A+ZwWt70tB1S8H4BE8FLYEFyNoOBw==}

  obliterator@1.6.1:
    resolution: {integrity: sha512-9WXswnqINnnhOG/5SLimUlzuU1hFJUc8zkwyD59Sd+dPOMf05PmnYG/d6Q7HZ+KmgkZJa1PxRso6QdM3sTNHig==}

  tslib@2.8.1:
    resolution: {integrity: sha512-oJFu94HQb+KVduSUQL7wnpmqnfmLsOA/nAh6b6EH0wCEoK0/mPeXU6c3wKDV83MkOuHPRHtSXKKU99IBazS/2w==}

  undici-types@8.3.0:
    resolution: {integrity: sha512-j375ScV60dom+YkPFIfTLcOiPxkN/buHz5GobjLhixFuANaNs3C9l4GmrWqejgXWJ7BbJcFYpTEUkS1Ge8bpZQ==}

  zod@4.4.3:
    resolution: {integrity: sha512-ytENFjIJFl2UwYglde2jchW2Hwm4GJFLDiSXWdTrJQBIN9Fcyp7n4DhxJEiWNAJMV1/BqWfW/kkg71UDcHJyTQ==}

snapshots:

  '@aws-sdk/checksums@3.1000.26':
    dependencies:
      '@aws-sdk/core': 3.977.6
      '@aws-sdk/types': 3.974.2
      '@smithy/core': 3.31.1
      '@smithy/types': 4.16.1
      tslib: 2.8.1

  '@aws-sdk/client-dynamodb@3.1105.0':
    dependencies:
      '@aws-sdk/core': 3.977.6
      '@aws-sdk/credential-provider-node': 3.972.78
      '@aws-sdk/dynamodb-codec': 3.973.41
      '@aws-sdk/middleware-endpoint-discovery': 3.972.27
      '@aws-sdk/types': 3.974.2
      '@smithy/core': 3.31.1
      '@smithy/fetch-http-handler': 5.6.13
      '@smithy/node-http-handler': 4.9.13
      '@smithy/types': 4.16.1
      tslib: 2.8.1

  '@aws-sdk/client-s3@3.1104.0':
    dependencies:
      '@aws-sdk/checksums': 3.1000.26
      '@aws-sdk/core': 3.977.6
      '@aws-sdk/credential-provider-node': 3.972.78
      '@aws-sdk/middleware-sdk-s3': 3.972.72
      '@aws-sdk/signature-v4-multi-region': 3.996.43
      '@aws-sdk/types': 3.974.2
      '@smithy/core': 3.31.1
      '@smithy/fetch-http-handler': 5.6.13
      '@smithy/node-http-handler': 4.9.13
      '@smithy/types': 4.16.1
      tslib: 2.8.1

  '@aws-sdk/core@3.977.6':
    dependencies:
      '@aws-sdk/types': 3.974.2
      '@aws-sdk/xml-builder': 3.972.37
      '@aws/lambda-invoke-store': 0.3.0
      '@smithy/core': 3.31.1
      '@smithy/signature-v4': 5.6.12
      '@smithy/types': 4.16.1
      bowser: 2.14.1
      tslib: 2.8.1

  '@aws-sdk/credential-provider-env@3.972.67':
    dependencies:
      '@aws-sdk/core': 3.977.6
      '@aws-sdk/types': 3.974.2
      '@smithy/core': 3.31.1
      '@smithy/types': 4.16.1
      tslib: 2.8.1

  '@aws-sdk/credential-provider-http@3.972.69':
    dependencies:
      '@aws-sdk/core': 3.977.6
      '@aws-sdk/types': 3.974.2
      '@smithy/core': 3.31.1
      '@smithy/fetch-http-handler': 5.6.13
      '@smithy/node-http-handler': 4.9.13
      '@smithy/types': 4.16.1
      tslib: 2.8.1

  '@aws-sdk/credential-provider-ini@3.973.12':
    dependencies:
      '@aws-sdk/core': 3.977.6
      '@aws-sdk/credential-provider-env': 3.972.67
      '@aws-sdk/credential-provider-http': 3.972.69
      '@aws-sdk/credential-provider-login': 3.972.74
      '@aws-sdk/credential-provider-process': 3.972.67
      '@aws-sdk/credential-provider-sso': 3.973.11
      '@aws-sdk/credential-provider-web-identity': 3.972.73
      '@aws-sdk/nested-clients': 3.997.41
      '@aws-sdk/types': 3.974.2
      '@smithy/core': 3.31.1
      '@smithy/credential-provider-imds': 4.4.16
      '@smithy/types': 4.16.1
      tslib: 2.8.1

  '@aws-sdk/credential-provider-login@3.972.74':
    dependencies:
      '@aws-sdk/core': 3.977.6
      '@aws-sdk/nested-clients': 3.997.41
      '@aws-sdk/types': 3.974.2
      '@smithy/core': 3.31.1
      '@smithy/types': 4.16.1
      tslib: 2.8.1

  '@aws-sdk/credential-provider-node@3.972.78':
    dependencies:
      '@aws-sdk/credential-provider-env': 3.972.67
      '@aws-sdk/credential-provider-http': 3.972.69
      '@aws-sdk/credential-provider-ini': 3.973.12
      '@aws-sdk/credential-provider-process': 3.972.67
      '@aws-sdk/credential-provider-sso': 3.973.11
      '@aws-sdk/credential-provider-web-identity': 3.972.73
      '@aws-sdk/types': 3.974.2
      '@smithy/core': 3.31.1
      '@smithy/credential-provider-imds': 4.4.16
      '@smithy/types': 4.16.1
      tslib: 2.8.1

  '@aws-sdk/credential-provider-process@3.972.67':
    dependencies:
      '@aws-sdk/core': 3.977.6
      '@aws-sdk/types': 3.974.2
      '@smithy/core': 3.31.1
      '@smithy/types': 4.16.1
      tslib: 2.8.1

  '@aws-sdk/credential-provider-sso@3.973.11':
    dependencies:
      '@aws-sdk/core': 3.977.6
      '@aws-sdk/nested-clients': 3.997.41
      '@aws-sdk/token-providers': 3.1103.0
      '@aws-sdk/types': 3.974.2
      '@smithy/core': 3.31.1
      '@smithy/types': 4.16.1
      tslib: 2.8.1

  '@aws-sdk/credential-provider-web-identity@3.972.73':
    dependencies:
      '@aws-sdk/core': 3.977.6
      '@aws-sdk/nested-clients': 3.997.41
      '@aws-sdk/types': 3.974.2
      '@smithy/core': 3.31.1
      '@smithy/types': 4.16.1
      tslib: 2.8.1

  '@aws-sdk/dynamodb-codec@3.973.41':
    dependencies:
      '@aws-sdk/core': 3.977.6
      '@smithy/core': 3.31.1
      '@smithy/types': 4.16.1
      tslib: 2.8.1

  '@aws-sdk/endpoint-cache@3.972.9':
    dependencies:
      mnemonist: 0.38.3
      tslib: 2.8.1

  '@aws-sdk/lib-dynamodb@3.1105.0(@aws-sdk/client-dynamodb@3.1105.0)':
    dependencies:
      '@aws-sdk/client-dynamodb': 3.1105.0
      '@aws-sdk/core': 3.977.6
      '@aws-sdk/util-dynamodb': 3.996.7(@aws-sdk/client-dynamodb@3.1105.0)
      '@smithy/core': 3.31.1
      '@smithy/types': 4.16.1
      tslib: 2.8.1

  '@aws-sdk/middleware-endpoint-discovery@3.972.27':
    dependencies:
      '@aws-sdk/endpoint-cache': 3.972.9
      '@aws-sdk/types': 3.974.2
      '@smithy/core': 3.31.1
      '@smithy/types': 4.16.1
      tslib: 2.8.1

  '@aws-sdk/middleware-sdk-s3@3.972.72':
    dependencies:
      '@aws-sdk/core': 3.977.6
      '@aws-sdk/signature-v4-multi-region': 3.996.43
      '@aws-sdk/types': 3.974.2
      '@smithy/core': 3.31.1
      '@smithy/types': 4.16.1
      tslib: 2.8.1

  '@aws-sdk/nested-clients@3.997.41':
    dependencies:
      '@aws-sdk/core': 3.977.6
      '@aws-sdk/signature-v4-multi-region': 3.996.43
      '@aws-sdk/types': 3.974.2
      '@smithy/core': 3.31.1
      '@smithy/fetch-http-handler': 5.6.13
      '@smithy/node-http-handler': 4.9.13
      '@smithy/types': 4.16.1
      tslib: 2.8.1

  '@aws-sdk/s3-request-presigner@3.1104.0':
    dependencies:
      '@aws-sdk/core': 3.977.6
      '@aws-sdk/signature-v4-multi-region': 3.996.43
      '@aws-sdk/types': 3.974.2
      '@smithy/core': 3.31.1
      '@smithy/types': 4.16.1
      tslib: 2.8.1

  '@aws-sdk/signature-v4-multi-region@3.996.43':
    dependencies:
      '@aws-sdk/types': 3.974.2
      '@smithy/signature-v4': 5.6.12
      '@smithy/types': 4.16.1
      tslib: 2.8.1

  '@aws-sdk/token-providers@3.1103.0':
    dependencies:
      '@aws-sdk/core': 3.977.6
      '@aws-sdk/nested-clients': 3.997.41
      '@aws-sdk/types': 3.974.2
      '@smithy/core': 3.31.1
      '@smithy/types': 4.16.1
      tslib: 2.8.1

  '@aws-sdk/types@3.974.2':
    dependencies:
      '@smithy/types': 4.16.1
      tslib: 2.8.1

  '@aws-sdk/util-dynamodb@3.996.7(@aws-sdk/client-dynamodb@3.1105.0)':
    dependencies:
      '@aws-sdk/client-dynamodb': 3.1105.0
      tslib: 2.8.1

  '@aws-sdk/xml-builder@3.972.37':
    dependencies:
      '@smithy/types': 4.16.1
      tslib: 2.8.1

  '@aws/lambda-invoke-store@0.3.0': {}

  '@smithy/core@3.31.1':
    dependencies:
      '@smithy/types': 4.16.1
      tslib: 2.8.1

  '@smithy/credential-provider-imds@4.4.16':
    dependencies:
      '@smithy/core': 3.31.1
      '@smithy/types': 4.16.1
      tslib: 2.8.1

  '@smithy/fetch-http-handler@5.6.13':
    dependencies:
      '@smithy/core': 3.31.1
      '@smithy/types': 4.16.1
      tslib: 2.8.1

  '@smithy/node-http-handler@4.9.13':
    dependencies:
      '@smithy/core': 3.31.1
      '@smithy/types': 4.16.1
      tslib: 2.8.1

  '@smithy/signature-v4@5.6.12':
    dependencies:
      '@smithy/core': 3.31.1
      '@smithy/types': 4.16.1
      tslib: 2.8.1

  '@smithy/types@4.16.1':
    dependencies:
      tslib: 2.8.1

  '@types/aws-lambda@8.10.162': {}

  '@types/node@26.1.2':
    dependencies:
      undici-types: 8.3.0

  bowser@2.14.1: {}

  mnemonist@0.38.3:
    dependencies:
      obliterator: 1.6.1

  obliterator@1.6.1: {}

  tslib@2.8.1: {}

  undici-types@8.3.0: {}

  zod@4.4.3: {}
